
Microsoft Visual Studio Solution File, Format Version 12.00
# Visual Studio Version 16
VisualStudioVersion = 16.0.29201.188
MinimumVisualStudioVersion = 10.0.40219.1
Project("{FAE04EC0-301F-11D3-BF4B-00C04F79EFBC}") = "ChatApp", "ChatApp\ChatApp.csproj", "{CF58A15F-1DC4-4332-BE8C-1B5176360607}"
EndProject
Global
	GlobalSection(SolutionConfigurationPlatforms) = preSolution
		Debug|Any CPU = Debug|Any CPU
		Release|Any CPU = Release|Any CPU
	EndGlobalSection
	GlobalSection(ProjectConfigurationPlatforms) = postSolution
		{CF58A15F-1DC4-4332-BE8C-1B5176360607}.Debug|Any CPU.ActiveCfg = Debug|Any CPU
		{CF58A15F-1DC4-4332-BE8C-1B5176360607}.Debug|Any CPU.Build.0 = Debug|Any CPU
		{CF58A15F-1DC4-4332-BE8C-1B5176360607}.Release|Any CPU.ActiveCfg = Release|Any CPU
		{CF58A15F-1DC4-4332-BE8C-1B5176360607}.Release|Any CPU.Build.0 = Release|Any CPU
	EndGlobalSection
	GlobalSection(SolutionProperties) = preSolution
		HideSolutionNode = FALSE
	EndGlobalSection
	GlobalSection(ExtensibilityGlobals) = postSolution
		SolutionGuid = {078B3A9A-D085-4463-805D-65CA3CB8C26B}
	EndGlobalSection
EndGlobal
